
Microsoft Visual Studio Solution File, Format Version 12.00
# Visual Studio Version 16
VisualStudioVersion = 16.0.30626.31
MinimumVisualStudioVersion = 10.0.40219.1
Project("{9A19103F-16F7-4668-BE54-9A1E7A4F7556}") = "BlazorSliders", "BlazorSliders\BlazorSliders.csproj", "{A98EA7D0-4693-46E9-B264-57CD58473DE4}"
EndProject
Project("{9A19103F-16F7-4668-BE54-9A1E7A4F7556}") = "BlazorSlidersTest", "BlazorSlidersTest\BlazorSlidersTest.csproj", "{2773E436-5B5E-41EC-A26B-73FA1AE2C8FD}"
EndProject
Project("{9A19103F-16F7-4668-BE54-9A1E7A4F7556}") = "BlazorSliderTestWasm", "BlazorSliderTestWasm\BlazorSliderTestWasm.csproj", "{C1BAE6EA-403D-4599-85D1-D6B42B8AF718}"
EndProject
Global
	GlobalSection(SolutionConfigurationPlatforms) = preSolution
		Debug|Any CPU = Debug|Any CPU
		Release|Any CPU = Release|Any CPU
	EndGlobalSection
	GlobalSection(ProjectConfigurationPlatforms) = postSolution
		{A98EA7D0-4693-46E9-B264-57CD58473DE4}.Debug|Any CPU.ActiveCfg = Debug|Any CPU
		{A98EA7D0-4693-46E9-B264-57CD58473DE4}.Debug|Any CPU.Build.0 = Debug|Any CPU
		{A98EA7D0-4693-46E9-B264-57CD58473DE4}.Release|Any CPU.ActiveCfg = Release|Any CPU
		{A98EA7D0-4693-46E9-B264-57CD58473DE4}.Release|Any CPU.Build.0 = Release|Any CPU
		{2773E436-5B5E-41EC-A26B-73FA1AE2C8FD}.Debug|Any CPU.ActiveCfg = Debug|Any CPU
		{2773E436-5B5E-41EC-A26B-73FA1AE2C8FD}.Debug|Any CPU.Build.0 = Debug|Any CPU
		{2773E436-5B5E-41EC-A26B-73FA1AE2C8FD}.Release|Any CPU.ActiveCfg = Release|Any CPU
		{2773E436-5B5E-41EC-A26B-73FA1AE2C8FD}.Release|Any CPU.Build.0 = Release|Any CPU
		{C1BAE6EA-403D-4599-85D1-D6B42B8AF718}.Debug|Any CPU.ActiveCfg = Debug|Any CPU
		{C1BAE6EA-403D-4599-85D1-D6B42B8AF718}.Debug|Any CPU.Build.0 = Debug|Any CPU
		{C1BAE6EA-403D-4599-85D1-D6B42B8AF718}.Release|Any CPU.ActiveCfg = Release|Any CPU
		{C1BAE6EA-403D-4599-85D1-D6B42B8AF718}.Release|Any CPU.Build.0 = Release|Any CPU
	EndGlobalSection
	GlobalSection(SolutionProperties) = preSolution
		HideSolutionNode = FALSE
	EndGlobalSection
	GlobalSection(ExtensibilityGlobals) = postSolution
		SolutionGuid = {1A74F112-8CD4-439E-8A26-F05C1F1F9755}
	EndGlobalSection
EndGlobal
