
Microsoft Visual Studio Solution File, Format Version 12.00
# Visual Studio Version 17
VisualStudioVersion = 17.10.35004.147
MinimumVisualStudioVersion = 10.0.40219.1
Project("{9A19103F-16F7-4668-BE54-9A1E7A4F7556}") = "BlazorSliders", "BlazorSliders\BlazorSliders.csproj", "{A98EA7D0-4693-46E9-B264-57CD58473DE4}"
EndProject
Project("{2150E333-8FDC-42A3-9474-1A3956D46DE8}") = "Solution Items", "Solution Items", "{1448915B-8E11-4C79-B48D-AB1144FDDEAD}"
	ProjectSection(SolutionItems) = preProject
		README.md = README.md
	EndProjectSection
EndProject
Project("{FAE04EC0-301F-11D3-BF4B-00C04F79EFBC}") = "BlazorSlidersServerTestApp", "BlazorSlidersServerTestApp\BlazorSlidersServerTestApp.csproj", "{ACB308A5-6343-18DB-02B8-6E42E3B91734}"
EndProject
Project("{FAE04EC0-301F-11D3-BF4B-00C04F79EFBC}") = "BlazorSlidersWasmTestApp", "BlazorSlidersWasmTestApp\BlazorSlidersWasmTestApp.csproj", "{C58B6157-C70D-40C6-9EC9-6F79DCD4EA88}"
EndProject
Global
	GlobalSection(SolutionConfigurationPlatforms) = preSolution
		Debug|Any CPU = Debug|Any CPU
		Release|Any CPU = Release|Any CPU
	EndGlobalSection
	GlobalSection(ProjectConfigurationPlatforms) = postSolution
		{A98EA7D0-4693-46E9-B264-57CD58473DE4}.Debug|Any CPU.ActiveCfg = Debug|Any CPU
		{A98EA7D0-4693-46E9-B264-57CD58473DE4}.Debug|Any CPU.Build.0 = Debug|Any CPU
		{A98EA7D0-4693-46E9-B264-57CD58473DE4}.Release|Any CPU.ActiveCfg = Release|Any CPU
		{A98EA7D0-4693-46E9-B264-57CD58473DE4}.Release|Any CPU.Build.0 = Release|Any CPU
		{ACB308A5-6343-18DB-02B8-6E42E3B91734}.Debug|Any CPU.ActiveCfg = Debug|Any CPU
		{ACB308A5-6343-18DB-02B8-6E42E3B91734}.Debug|Any CPU.Build.0 = Debug|Any CPU
		{ACB308A5-6343-18DB-02B8-6E42E3B91734}.Release|Any CPU.ActiveCfg = Release|Any CPU
		{ACB308A5-6343-18DB-02B8-6E42E3B91734}.Release|Any CPU.Build.0 = Release|Any CPU
		{C58B6157-C70D-40C6-9EC9-6F79DCD4EA88}.Debug|Any CPU.ActiveCfg = Debug|Any CPU
		{C58B6157-C70D-40C6-9EC9-6F79DCD4EA88}.Debug|Any CPU.Build.0 = Debug|Any CPU
		{C58B6157-C70D-40C6-9EC9-6F79DCD4EA88}.Release|Any CPU.ActiveCfg = Release|Any CPU
		{C58B6157-C70D-40C6-9EC9-6F79DCD4EA88}.Release|Any CPU.Build.0 = Release|Any CPU
	EndGlobalSection
	GlobalSection(SolutionProperties) = preSolution
		HideSolutionNode = FALSE
	EndGlobalSection
	GlobalSection(ExtensibilityGlobals) = postSolution
		SolutionGuid = {1A74F112-8CD4-439E-8A26-F05C1F1F9755}
	EndGlobalSection
EndGlobal
